// !$*UTF8*$!
{
	archiveVersion = 1;
	classes = {
	};
	objectVersion = 50;
	objects = {

/* Begin PBXBuildFile section */
		16A61AA9825A9C778D54FB18 /* Pods_YINSocket.framework in Frameworks */ = {isa = PBXBuildFile; fileRef = A81AC2BC7C08E348513D5B37 /* Pods_YINSocket.framework */; };
		181B52C52179C01900AFC199 /* AppDelegate.m in Sources */ = {isa = PBXBuildFile; fileRef = 181B52C42179C01900AFC199 /* AppDelegate.m */; };
		181B52C82179C01900AFC199 /* ViewController.m in Sources */ = {isa = PBXBuildFile; fileRef = 181B52C72179C01900AFC199 /* ViewController.m */; };
		181B52CB2179C01900AFC199 /* Main.storyboard in Resources */ = {isa = PBXBuildFile; fileRef = 181B52C92179C01900AFC199 /* Main.storyboard */; };
		181B52CD2179C01900AFC199 /* Assets.xcassets in Resources */ = {isa = PBXBuildFile; fileRef = 181B52CC2179C01900AFC199 /* Assets.xcassets */; };
		181B52D02179C01900AFC199 /* LaunchScreen.storyboard in Resources */ = {isa = PBXBuildFile; fileRef = 181B52CE2179C01900AFC199 /* LaunchScreen.storyboard */; };
		181B52D32179C01A00AFC199 /* main.m in Sources */ = {isa = PBXBuildFile; fileRef = 181B52D22179C01A00AFC199 /* main.m */; };
		181B52DC2179C26F00AFC199 /* YINSocket.m in Sources */ = {isa = PBXBuildFile; fileRef = 181B52DB2179C26F00AFC199 /* YINSocket.m */; };
/* End PBXBuildFile section */

/* Begin PBXFileReference section */
		15A78148339ABC4E6CA178C5 /* Pods-YINSocket.debug.xcconfig */ = {isa = PBXFileReference; includeInIndex = 1; lastKnownFileType = text.xcconfig; name = "Pods-YINSocket.debug.xcconfig"; path = "Pods/Target Support Files/Pods-YINSocket/Pods-YINSocket.debug.xcconfig"; sourceTree = "<group>"; };
		181B52C02179C01900AFC199 /* YINSocket.app */ = {isa = PBXFileReference; explicitFileType = wrapper.application; includeInIndex = 0; path = YINSocket.app; sourceTree = BUILT_PRODUCTS_DIR; };
		181B52C32179C01900AFC199 /* AppDelegate.h */ = {isa = PBXFileReference; lastKnownFileType = sourcecode.c.h; path = AppDelegate.h; sourceTree = "<group>"; };
		181B52C42179C01900AFC199 /* AppDelegate.m */ = {isa = PBXFileReference; lastKnownFileType = sourcecode.c.objc; path = AppDelegate.m; sourceTree = "<group>"; };
		181B52C62179C01900AFC199 /* ViewController.h */ = {isa = PBXFileReference; lastKnownFileType = sourcecode.c.h; path = ViewController.h; sourceTree = "<group>"; };
		181B52C72179C01900AFC199 /* ViewController.m */ = {isa = PBXFileReference; lastKnownFileType = sourcecode.c.objc; path = ViewController.m; sourceTree = "<group>"; };
		181B52CA2179C01900AFC199 /* Base */ = {isa = PBXFileReference; lastKnownFileType = file.storyboard; name = Base; path = Base.lproj/Main.storyboard; sourceTree = "<group>"; };
		181B52CC2179C01900AFC199 /* Assets.xcassets */ = {isa = PBXFileReference; lastKnownFileType = folder.assetcatalog; path = Assets.xcassets; sourceTree = "<group>"; };
		181B52CF2179C01900AFC199 /* Base */ = {isa = PBXFileReference; lastKnownFileType = file.storyboard; name = Base; path = Base.lproj/LaunchScreen.storyboard; sourceTree = "<group>"; };
		181B52D12179C01900AFC199 /* Info.plist */ = {isa = PBXFileReference; lastKnownFileType = text.plist.xml; path = Info.plist; sourceTree = "<group>"; };
		181B52D22179C01A00AFC199 /* main.m */ = {isa = PBXFileReference; lastKnownFileType = sourcecode.c.objc; path = main.m; sourceTree = "<group>"; };
		181B52DA2179C26F00AFC199 /* YINSocket.h */ = {isa = PBXFileReference; fileEncoding = 4; lastKnownFileType = sourcecode.c.h; path = YINSocket.h; sourceTree = "<group>"; };
		181B52DB2179C26F00AFC199 /* YINSocket.m */ = {isa = PBXFileReference; fileEncoding = 4; lastKnownFileType = sourcecode.c.objc; path = YINSocket.m; sourceTree = "<group>"; };
		A81AC2BC7C08E348513D5B37 /* Pods_YINSocket.framework */ = {isa = PBXFileReference; explicitFileType = wrapper.framework; includeInIndex = 0; path = Pods_YINSocket.framework; sourceTree = BUILT_PRODUCTS_DIR; };
		CE3A1FE0186B08EC649B2E65 /* Pods-YINSocket.release.xcconfig */ = {isa = PBXFileReference; includeInIndex = 1; lastKnownFileType = text.xcconfig; name = "Pods-YINSocket.release.xcconfig"; path = "Pods/Target Support Files/Pods-YINSocket/Pods-YINSocket.release.xcconfig"; sourceTree = "<group>"; };
/* End PBXFileReference section */

/* Begin PBXFrameworksBuildPhase section */
		181B52BD2179C01900AFC199 /* Frameworks */ = {
			isa = PBXFrameworksBuildPhase;
			buildActionMask = 2147483647;
			files = (
				16A61AA9825A9C778D54FB18 /* Pods_YINSocket.framework in Frameworks */,
			);
			runOnlyForDeploymentPostprocessing = 0;
		};
/* End PBXFrameworksBuildPhase section */

/* Begin PBXGroup section */
		181B52B72179C01800AFC199 = {
			isa = PBXGroup;
			children = (
				181B52C22179C01900AFC199 /* YINSocket */,
				181B52C12179C01900AFC199 /* Products */,
				A8491B153BBB363BCA1CB9F6 /* Pods */,
				777F5059EC8893F0F3DDA73A /* Frameworks */,
			);
			sourceTree = "<group>";
		};
		181B52C12179C01900AFC199 /* Products */ = {
			isa = PBXGroup;
			children = (
				181B52C02179C01900AFC199 /* YINSocket.app */,
			);
			name = Products;
			sourceTree = "<group>";
		};
		181B52C22179C01900AFC199 /* YINSocket */ = {
			isa = PBXGroup;
			children = (
				181B52D92179C26400AFC199 /* YINSocket */,
				181B52C32179C01900AFC199 /* AppDelegate.h */,
				181B52C42179C01900AFC199 /* AppDelegate.m */,
				181B52C62179C01900AFC199 /* ViewController.h */,
				181B52C72179C01900AFC199 /* ViewController.m */,
				181B52C92179C01900AFC199 /* Main.storyboard */,
				181B52CC2179C01900AFC199 /* Assets.xcassets */,
				181B52CE2179C01900AFC199 /* LaunchScreen.storyboard */,
				181B52D12179C01900AFC199 /* Info.plist */,
				181B52D22179C01A00AFC199 /* main.m */,
			);
			path = YINSocket;
			sourceTree = "<group>";
		};
		181B52D92179C26400AFC199 /* YINSocket */ = {
			isa = PBXGroup;
			children = (
				181B52DA2179C26F00AFC199 /* YINSocket.h */,
				181B52DB2179C26F00AFC199 /* YINSocket.m */,
			);
			name = YINSocket;
			path = Classes/YINSocket;
			sourceTree = SOURCE_ROOT;
		};
		777F5059EC8893F0F3DDA73A /* Frameworks */ = {
			isa = PBXGroup;
			children = (
				A81AC2BC7C08E348513D5B37 /* Pods_YINSocket.framework */,
			);
			name = Frameworks;
			sourceTree = "<group>";
		};
		A8491B153BBB363BCA1CB9F6 /* Pods */ = {
			isa = PBXGroup;
			children = (
				15A78148339ABC4E6CA178C5 /* Pods-YINSocket.debug.xcconfig */,
				CE3A1FE0186B08EC649B2E65 /* Pods-YINSocket.release.xcconfig */,
			);
			name = Pods;
			sourceTree = "<group>";
		};
/* End PBXGroup section */

/* Begin PBXNativeTarget section */
		181B52BF2179C01900AFC199 /* YINSocket */ = {
			isa = PBXNativeTarget;
			buildConfigurationList = 181B52D62179C01A00AFC199 /* Build configuration list for PBXNativeTarget "YINSocket" */;
			buildPhases = (
				AE922EFBB2855E7F0F737F78 /* [CP] Check Pods Manifest.lock */,
				181B52BC2179C01900AFC199 /* Sources */,
				181B52BD2179C01900AFC199 /* Frameworks */,
				181B52BE2179C01900AFC199 /* Resources */,
				088CC1B99A2A24BDA6A3ED5F /* [CP] Embed Pods Frameworks */,
			);
			buildRules = (
			);
			dependencies = (
			);
			name = YINSocket;
			productName = YINSocket;
			productReference = 181B52C02179C01900AFC199 /* YINSocket.app */;
			productType = "com.apple.product-type.application";
		};
/* End PBXNativeTarget section */

/* Begin PBXProject section */
		181B52B82179C01800AFC199 /* Project object */ = {
			isa = PBXProject;
			attributes = {
				LastUpgradeCheck = 0940;
				ORGANIZATIONNAME = "王印";
				TargetAttributes = {
					181B52BF2179C01900AFC199 = {
						CreatedOnToolsVersion = 9.4.1;
					};
				};
			};
			buildConfigurationList = 181B52BB2179C01800AFC199 /* Build configuration list for PBXProject "YINSocket" */;
			compatibilityVersion = "Xcode 9.3";
			developmentRegion = en;
			hasScannedForEncodings = 0;
			knownRegions = (
				en,
				Base,
			);
			mainGroup = 181B52B72179C01800AFC199;
			productRefGroup = 181B52C12179C01900AFC199 /* Products */;
			projectDirPath = "";
			projectRoot = "";
			targets = (
				181B52BF2179C01900AFC199 /* YINSocket */,
			);
		};
/* End PBXProject section */

/* Begin PBXResourcesBuildPhase section */
		181B52BE2179C01900AFC199 /* Resources */ = {
			isa = PBXResourcesBuildPhase;
			buildActionMask = 2147483647;
			files = (
				181B52D02179C01900AFC199 /* LaunchScreen.storyboard in Resources */,
				181B52CD2179C01900AFC199 /* Assets.xcassets in Resources */,
				181B52CB2179C01900AFC199 /* Main.storyboard in Resources */,
			);
			runOnlyForDeploymentPostprocessing = 0;
		};
/* End PBXResourcesBuildPhase section */

/* Begin PBXShellScriptBuildPhase section */
		088CC1B99A2A24BDA6A3ED5F /* [CP] Embed Pods Frameworks */ = {
			isa = PBXShellScriptBuildPhase;
			buildActionMask = 2147483647;
			files = (
			);
			inputPaths = (
				"${SRCROOT}/Pods/Target Support Files/Pods-YINSocket/Pods-YINSocket-frameworks.sh",
				"${BUILT_PRODUCTS_DIR}/CocoaAsyncSocket/CocoaAsyncSocket.framework",
			);
			name = "[CP] Embed Pods Frameworks";
			outputPaths = (
				"${TARGET_BUILD_DIR}/${FRAMEWORKS_FOLDER_PATH}/CocoaAsyncSocket.framework",
			);
			runOnlyForDeploymentPostprocessing = 0;
			shellPath = /bin/sh;
			shellScript = "\"${SRCROOT}/Pods/Target Support Files/Pods-YINSocket/Pods-YINSocket-frameworks.sh\"\n";
			showEnvVarsInLog = 0;
		};
		AE922EFBB2855E7F0F737F78 /* [CP] Check Pods Manifest.lock */ = {
			isa = PBXShellScriptBuildPhase;
			buildActionMask = 2147483647;
			files = (
			);
			inputPaths = (
				"${PODS_PODFILE_DIR_PATH}/Podfile.lock",
				"${PODS_ROOT}/Manifest.lock",
			);
			name = "[CP] Check Pods Manifest.lock";
			outputPaths = (
				"$(DERIVED_FILE_DIR)/Pods-YINSocket-checkManifestLockResult.txt",
			);
			runOnlyForDeploymentPostprocessing = 0;
			shellPath = /bin/sh;
			shellScript = "diff \"${PODS_PODFILE_DIR_PATH}/Podfile.lock\" \"${PODS_ROOT}/Manifest.lock\" > /dev/null\nif [ $? != 0 ] ; then\n    # print error to STDERR\n    echo \"error: The sandbox is not in sync with the Podfile.lock. Run 'pod install' or update your CocoaPods installation.\" >&2\n    exit 1\nfi\n# This output is used by Xcode 'outputs' to avoid re-running this script phase.\necho \"SUCCESS\" > \"${SCRIPT_OUTPUT_FILE_0}\"\n";
			showEnvVarsInLog = 0;
		};
/* End PBXShellScriptBuildPhase section */

/* Begin PBXSourcesBuildPhase section */
		181B52BC2179C01900AFC199 /* Sources */ = {
			isa = PBXSourcesBuildPhase;
			buildActionMask = 2147483647;
			files = (
				181B52C82179C01900AFC199 /* ViewController.m in Sources */,
				181B52D32179C01A00AFC199 /* main.m in Sources */,
				181B52C52179C01900AFC199 /* AppDelegate.m in Sources */,
				181B52DC2179C26F00AFC199 /* YINSocket.m in Sources */,
			);
			runOnlyForDeploymentPostprocessing = 0;
		};
/* End PBXSourcesBuildPhase section */

/* Begin PBXVariantGroup section */
		181B52C92179C01900AFC199 /* Main.storyboard */ = {
			isa = PBXVariantGroup;
			children = (
				181B52CA2179C01900AFC199 /* Base */,
			);
			name = Main.storyboard;
			sourceTree = "<group>";
		};
		181B52CE2179C01900AFC199 /* LaunchScreen.storyboard */ = {
			isa = PBXVariantGroup;
			children = (
				181B52CF2179C01900AFC199 /* Base */,
			);
			name = LaunchScreen.storyboard;
			sourceTree = "<group>";
		};
/* End PBXVariantGroup section */

/* Begin XCBuildConfiguration section */
		181B52D42179C01A00AFC199 /* Debug */ = {
			isa = XCBuildConfiguration;
			buildSettings = {
				ALWAYS_SEARCH_USER_PATHS = NO;
				CLANG_ANALYZER_NONNULL = YES;
				CLANG_ANALYZER_NUMBER_OBJECT_CONVERSION = YES_AGGRESSIVE;
				CLANG_CXX_LANGUAGE_STANDARD = "gnu++14";
				CLANG_CXX_LIBRARY = "libc++";
				CLANG_ENABLE_MODULES = YES;
				CLANG_ENABLE_OBJC_ARC = YES;
				CLANG_ENABLE_OBJC_WEAK = YES;
				CLANG_WARN_BLOCK_CAPTURE_AUTORELEASING = YES;
				CLANG_WARN_BOOL_CONVERSION = YES;
				CLANG_WARN_COMMA = YES;
				CLANG_WARN_CONSTANT_CONVERSION = YES;
				CLANG_WARN_DEPRECATED_OBJC_IMPLEMENTATIONS = YES;
				CLANG_WARN_DIRECT_OBJC_ISA_USAGE = YES_ERROR;
				CLANG_WARN_DOCUMENTATION_COMMENTS = YES;
				CLANG_WARN_EMPTY_BODY = YES;
				CLANG_WARN_ENUM_CONVERSION = YES;
				CLANG_WARN_INFINITE_RECURSION = YES;
				CLANG_WARN_INT_CONVERSION = YES;
				CLANG_WARN_NON_LITERAL_NULL_CONVERSION = YES;
				CLANG_WARN_OBJC_IMPLICIT_RETAIN_SELF = YES;
				CLANG_WARN_OBJC_LITERAL_CONVERSION = YES;
				CLANG_WARN_OBJC_ROOT_CLASS = YES_ERROR;
				CLANG_WARN_RANGE_LOOP_ANALYSIS = YES;
				CLANG_WARN_STRICT_PROTOTYPES = YES;
				CLANG_WARN_SUSPICIOUS_MOVE = YES;
				CLANG_WARN_UNGUARDED_AVAILABILITY = YES_AGGRESSIVE;
				CLANG_WARN_UNREACHABLE_CODE = YES;
				CLANG_WARN__DUPLICATE_METHOD_MATCH = YES;
				CODE_SIGN_IDENTITY = "iPhone Developer";
				COPY_PHASE_STRIP = NO;
				DEBUG_INFORMATION_FORMAT = dwarf;
				ENABLE_STRICT_OBJC_MSGSEND = YES;
				ENABLE_TESTABILITY = YES;
				GCC_C_LANGUAGE_STANDARD = gnu11;
				GCC_DYNAMIC_NO_PIC = NO;
				GCC_NO_COMMON_BLOCKS = YES;
				GCC_OPTIMIZATION_LEVEL = 0;
				GCC_PREPROCESSOR_DEFINITIONS = (
					"DEBUG=1",
					"$(inherited)",
				);
				GCC_WARN_64_TO_32_BIT_CONVERSION = YES;
				GCC_WARN_ABOUT_RETURN_TYPE = YES_ERROR;
				GCC_WARN_UNDECLARED_SELECTOR = YES;
				GCC_WARN_UNINITIALIZED_AUTOS = YES_AGGRESSIVE;
				GCC_WARN_UNUSED_FUNCTION = YES;
				GCC_WARN_UNUSED_VARIABLE = YES;
				IPHONEOS_DEPLOYMENT_TARGET = 11.4;
				MTL_ENABLE_DEBUG_INFO = YES;
				ONLY_ACTIVE_ARCH = YES;
				SDKROOT = iphoneos;
			};
			name = Debug;
		};
		181B52D52179C01A00AFC199 /* Release */ = {
			isa = XCBuildConfiguration;
			buildSettings = {
				ALWAYS_SEARCH_USER_PATHS = NO;
				CLANG_ANALYZER_NONNULL = YES;
				CLANG_ANALYZER_NUMBER_OBJECT_CONVERSION = YES_AGGRESSIVE;
				CLANG_CXX_LANGUAGE_STANDARD = "gnu++14";
				CLANG_CXX_LIBRARY = "libc++";
				CLANG_ENABLE_MODULES = YES;
				CLANG_ENABLE_OBJC_ARC = YES;
				CLANG_ENABLE_OBJC_WEAK = YES;
				CLANG_WARN_BLOCK_CAPTURE_AUTORELEASING = YES;
				CLANG_WARN_BOOL_CONVERSION = YES;
				CLANG_WARN_COMMA = YES;
				CLANG_WARN_CONSTANT_CONVERSION = YES;
				CLANG_WARN_DEPRECATED_OBJC_IMPLEMENTATIONS = YES;
				CLANG_WARN_DIRECT_OBJC_ISA_USAGE = YES_ERROR;
				CLANG_WARN_DOCUMENTATION_COMMENTS = YES;
				CLANG_WARN_EMPTY_BODY = YES;
				CLANG_WARN_ENUM_CONVERSION = YES;
				CLANG_WARN_INFINITE_RECURSION = YES;
				CLANG_WARN_INT_CONVERSION = YES;
				CLANG_WARN_NON_LITERAL_NULL_CONVERSION = YES;
				CLANG_WARN_OBJC_IMPLICIT_RETAIN_SELF = YES;
				CLANG_WARN_OBJC_LITERAL_CONVERSION = YES;
				CLANG_WARN_OBJC_ROOT_CLASS = YES_ERROR;
				CLANG_WARN_RANGE_LOOP_ANALYSIS = YES;
				CLANG_WARN_STRICT_PROTOTYPES = YES;
				CLANG_WARN_SUSPICIOUS_MOVE = YES;
				CLANG_WARN_UNGUARDED_AVAILABILITY = YES_AGGRESSIVE;
				CLANG_WARN_UNREACHABLE_CODE = YES;
				CLANG_WARN__DUPLICATE_METHOD_MATCH = YES;
				CODE_SIGN_IDENTITY = "iPhone Developer";
				COPY_PHASE_STRIP = NO;
				DEBUG_INFORMATION_FORMAT = "dwarf-with-dsym";
				ENABLE_NS_ASSERTIONS = NO;
				ENABLE_STRICT_OBJC_MSGSEND = YES;
				GCC_C_LANGUAGE_STANDARD = gnu11;
				GCC_NO_COMMON_BLOCKS = YES;
				GCC_WARN_64_TO_32_BIT_CONVERSION = YES;
				GCC_WARN_ABOUT_RETURN_TYPE = YES_ERROR;
				GCC_WARN_UNDECLARED_SELECTOR = YES;
				GCC_WARN_UNINITIALIZED_AUTOS = YES_AGGRESSIVE;
				GCC_WARN_UNUSED_FUNCTION = YES;
				GCC_WARN_UNUSED_VARIABLE = YES;
				IPHONEOS_DEPLOYMENT_TARGET = 11.4;
				MTL_ENABLE_DEBUG_INFO = NO;
				SDKROOT = iphoneos;
				VALIDATE_PRODUCT = YES;
			};
			name = Release;
		};
		181B52D72179C01A00AFC199 /* Debug */ = {
			isa = XCBuildConfiguration;
			baseConfigurationReference = 15A78148339ABC4E6CA178C5 /* Pods-YINSocket.debug.xcconfig */;
			buildSettings = {
				ASSETCATALOG_COMPILER_APPICON_NAME = AppIcon;
				CODE_SIGN_STYLE = Automatic;
				DEVELOPMENT_TEAM = 67FSYNPTAV;
				INFOPLIST_FILE = YINSocket/Info.plist;
				LD_RUNPATH_SEARCH_PATHS = (
					"$(inherited)",
					"@executable_path/Frameworks",
				);
				PRODUCT_BUNDLE_IDENTIFIER = com.wy.test.YINSocket;
				PRODUCT_NAME = "$(TARGET_NAME)";
				TARGETED_DEVICE_FAMILY = "1,2";
			};
			name = Debug;
		};
		181B52D82179C01A00AFC199 /* Release */ = {
			isa = XCBuildConfiguration;
			baseConfigurationReference = CE3A1FE0186B08EC649B2E65 /* Pods-YINSocket.release.xcconfig */;
			buildSettings = {
				ASSETCATALOG_COMPILER_APPICON_NAME = AppIcon;
				CODE_SIGN_STYLE = Automatic;
				DEVELOPMENT_TEAM = 67FSYNPTAV;
				INFOPLIST_FILE = YINSocket/Info.plist;
				LD_RUNPATH_SEARCH_PATHS = (
					"$(inherited)",
					"@executable_path/Frameworks",
				);
				PRODUCT_BUNDLE_IDENTIFIER = com.wy.test.YINSocket;
				PRODUCT_NAME = "$(TARGET_NAME)";
				TARGETED_DEVICE_FAMILY = "1,2";
			};
			name = Release;
		};
/* End XCBuildConfiguration section */

/* Begin XCConfigurationList section */
		181B52BB2179C01800AFC199 /* Build configuration list for PBXProject "YINSocket" */ = {
			isa = XCConfigurationList;
			buildConfigurations = (
				181B52D42179C01A00AFC199 /* Debug */,
				181B52D52179C01A00AFC199 /* Release */,
			);
			defaultConfigurationIsVisible = 0;
			defaultConfigurationName = Release;
		};
		181B52D62179C01A00AFC199 /* Build configuration list for PBXNativeTarget "YINSocket" */ = {
			isa = XCConfigurationList;
			buildConfigurations = (
				181B52D72179C01A00AFC199 /* Debug */,
				181B52D82179C01A00AFC199 /* Release */,
			);
			defaultConfigurationIsVisible = 0;
			defaultConfigurationName = Release;
		};
/* End XCConfigurationList section */
	};
	rootObject = 181B52B82179C01800AFC199 /* Project object */;
}
